{
  "name": "infincia",
  "version": "1.0.0",
  "lockfileVersion": 1,
  "requires": true,
  "dependencies": {
    "@types/jquery": {
      "version": "3.2.11",
      "resolved": "https://registry.npmjs.org/@types/jquery/-/jquery-3.2.11.tgz",
      "integrity": "sha512-Hu1JquYz58pcLLJU4AWvtvo0Yq5HbEHGGJV/XlTfJtePxbpT1mzfGr6FlH08wTi/ClR2yUb21/P/lgoH+LrRow==",
      "dev": true
    },
    "@types/node": {
      "version": "8.0.22",
      "resolved": "https://registry.npmjs.org/@types/node/-/node-8.0.22.tgz",
      "integrity": "sha512-+YQ5JLlvLP24teVUdUDep83mAWIFoAnOMosrH/2+xDeU9YMUpmMJtYOqVtbivs37h2PL9svz0R3r/MfVuEvEIA==",
      "dev": true
    }
  }
}
